
Microsoft Visual Studio Solution File, Format Version 12.00
# Visual Studio Version 17
VisualStudioVersion = 17.9.34714.143
MinimumVisualStudioVersion = 10.0.40219.1
Project("{FAE04EC0-301F-11D3-BF4B-00C04F79EFBC}") = "WebbApp", "WebbApp\WebbApp.csproj", "{A9699C92-47A9-43C4-8B01-A8E1BCE75952}"
EndProject
Project("{FAE04EC0-301F-11D3-BF4B-00C04F79EFBC}") = "Infrastructur", "Infrastructur\Infrastructur.csproj", "{06ACB3F4-2705-4290-852A-DC1F5E2FDAF4}"
EndProject
Global
	GlobalSection(SolutionConfigurationPlatforms) = preSolution
		Debug|Any CPU = Debug|Any CPU
		Release|Any CPU = Release|Any CPU
	EndGlobalSection
	GlobalSection(ProjectConfigurationPlatforms) = postSolution
		{A9699C92-47A9-43C4-8B01-A8E1BCE75952}.Debug|Any CPU.ActiveCfg = Debug|Any CPU
		{A9699C92-47A9-43C4-8B01-A8E1BCE75952}.Debug|Any CPU.Build.0 = Debug|Any CPU
		{A9699C92-47A9-43C4-8B01-A8E1BCE75952}.Release|Any CPU.ActiveCfg = Release|Any CPU
		{A9699C92-47A9-43C4-8B01-A8E1BCE75952}.Release|Any CPU.Build.0 = Release|Any CPU
		{06ACB3F4-2705-4290-852A-DC1F5E2FDAF4}.Debug|Any CPU.ActiveCfg = Debug|Any CPU
		{06ACB3F4-2705-4290-852A-DC1F5E2FDAF4}.Debug|Any CPU.Build.0 = Debug|Any CPU
		{06ACB3F4-2705-4290-852A-DC1F5E2FDAF4}.Release|Any CPU.ActiveCfg = Release|Any CPU
		{06ACB3F4-2705-4290-852A-DC1F5E2FDAF4}.Release|Any CPU.Build.0 = Release|Any CPU
	EndGlobalSection
	GlobalSection(SolutionProperties) = preSolution
		HideSolutionNode = FALSE
	EndGlobalSection
	GlobalSection(ExtensibilityGlobals) = postSolution
		SolutionGuid = {7F9F5ACB-7985-4CCF-A085-EA638D688401}
	EndGlobalSection
EndGlobal
